
Microsoft Visual Studio Solution File, Format Version 10.00
# Visual Studio 2008
Project("{FAE04EC0-301F-11D3-BF4B-00C04F79EFBC}") = "ModuleControl", "ModuleControl.csproj", "{3A51BDE6-58DB-4990-8CC4-C39539EF3572}"
EndProject
Global
	GlobalSection(SolutionConfigurationPlatforms) = preSolution
		Debug|Any CPU = Debug|Any CPU
		Release|Any CPU = Release|Any CPU
	EndGlobalSection
	GlobalSection(ProjectConfigurationPlatforms) = postSolution
		{3A51BDE6-58DB-4990-8CC4-C39539EF3572}.Debug|Any CPU.ActiveCfg = Debug|Any CPU
		{3A51BDE6-58DB-4990-8CC4-C39539EF3572}.Debug|Any CPU.Build.0 = Debug|Any CPU
		{3A51BDE6-58DB-4990-8CC4-C39539EF3572}.Release|Any CPU.ActiveCfg = Release|Any CPU
		{3A51BDE6-58DB-4990-8CC4-C39539EF3572}.Release|Any CPU.Build.0 = Release|Any CPU
	EndGlobalSection
	GlobalSection(SolutionProperties) = preSolution
		HideSolutionNode = FALSE
	EndGlobalSection
EndGlobal
