
Microsoft Visual Studio Solution File, Format Version 10.00
# Visual Studio 2008
Project("{FAE04EC0-301F-11D3-BF4B-00C04F79EFBC}") = "UserManagment", "UserManagment.csproj", "{73AA7B8C-FA94-4AA7-9A5E-1F50871B5DAF}"
EndProject
Global
	GlobalSection(SolutionConfigurationPlatforms) = preSolution
		Debug|Any CPU = Debug|Any CPU
		Release|Any CPU = Release|Any CPU
	EndGlobalSection
	GlobalSection(ProjectConfigurationPlatforms) = postSolution
		{73AA7B8C-FA94-4AA7-9A5E-1F50871B5DAF}.Debug|Any CPU.ActiveCfg = Debug|Any CPU
		{73AA7B8C-FA94-4AA7-9A5E-1F50871B5DAF}.Debug|Any CPU.Build.0 = Debug|Any CPU
		{73AA7B8C-FA94-4AA7-9A5E-1F50871B5DAF}.Release|Any CPU.ActiveCfg = Release|Any CPU
		{73AA7B8C-FA94-4AA7-9A5E-1F50871B5DAF}.Release|Any CPU.Build.0 = Release|Any CPU
	EndGlobalSection
	GlobalSection(SolutionProperties) = preSolution
		HideSolutionNode = FALSE
	EndGlobalSection
EndGlobal
